<?xml version="1.0" encoding="utf-8"?>
<Project ToolsVersion="4.0" xmlns="http://schemas.microsoft.com/developer/msbuild/2003">
  <ItemGroup>
    <Filter Include="HLSDK">
      <UniqueIdentifier>{07921ec4-fa36-41c5-a3c4-07df83ee5ab8}</UniqueIdentifier>
    </Filter>
    <Filter Include="HLSDK\dlls">
      <UniqueIdentifier>{e5e0b6ca-4d5b-40b2-a6ab-5afa4f386060}</UniqueIdentifier>
    </Filter>
    <Filter Include="HLSDK\common">
      <UniqueIdentifier>{2ec57a87-00b0-4cf1-866f-50c69b3d8d38}</UniqueIdentifier>
    </Filter>
    <Filter Include="HLSDK\cl_dll">
      <UniqueIdentifier>{23940f70-592e-472a-a20d-cbbad5f121c1}</UniqueIdentifier>
    </Filter>
    <Filter Include="HLSDK\engine">
      <UniqueIdentifier>{13b4b4c1-ecca-4e62-9b46-3e5e5263aa98}</UniqueIdentifier>
    </Filter>
    <Filter Include="HLSDK\pm_shared">
      <UniqueIdentifier>{513de3c2-956a-4a04-8f2f-b32b08970a23}</UniqueIdentifier>
    </Filter>
  </ItemGroup>
  <ItemGroup>
    <ClCompile Include="..\..\hlsdk\dlls\cdll_dll.ixx">
      <Filter>HLSDK\dlls</Filter>
    </ClCompile>
    <ClCompile Include="..\..\hlsdk\dlls\extdll.ixx">
      <Filter>HLSDK\dlls</Filter>
    </ClCompile>
    <ClCompile Include="..\..\hlsdk\dlls\util.ixx">
      <Filter>HLSDK\dlls</Filter>
    </ClCompile>
    <ClCompile Include="..\..\hlsdk\dlls\vector.ixx">
      <Filter>HLSDK\dlls</Filter>
    </ClCompile>
    <ClCompile Include="..\..\hlsdk\common\beamdef.ixx">
      <Filter>HLSDK\common</Filter>
    </ClCompile>
    <ClCompile Include="..\..\hlsdk\common\cl_entity.ixx">
      <Filter>HLSDK\common</Filter>
    </ClCompile>
    <ClCompile Include="..\..\hlsdk\common\com_model.ixx">
      <Filter>HLSDK\common</Filter>
    </ClCompile>
    <ClCompile Include="..\..\hlsdk\common\const_.ixx">
      <Filter>HLSDK\common</Filter>
    </ClCompile>
    <ClCompile Include="..\..\hlsdk\common\con_nprint.ixx">
      <Filter>HLSDK\common</Filter>
    </ClCompile>
    <ClCompile Include="..\..\hlsdk\common\crc.ixx">
      <Filter>HLSDK\common</Filter>
    </ClCompile>
    <ClCompile Include="..\..\hlsdk\common\cvardef.ixx">
      <Filter>HLSDK\common</Filter>
    </ClCompile>
    <ClCompile Include="..\..\hlsdk\common\demo_api.ixx">
      <Filter>HLSDK\common</Filter>
    </ClCompile>
    <ClCompile Include="..\..\hlsdk\common\director_cmds.ixx">
      <Filter>HLSDK\common</Filter>
    </ClCompile>
    <ClCompile Include="..\..\hlsdk\common\dlight.ixx">
      <Filter>HLSDK\common</Filter>
    </ClCompile>
    <ClCompile Include="..\..\hlsdk\common\dll_state.ixx">
      <Filter>HLSDK\common</Filter>
    </ClCompile>
    <ClCompile Include="..\..\hlsdk\common\engine_launcher_api.ixx">
      <Filter>HLSDK\common</Filter>
    </ClCompile>
    <ClCompile Include="..\..\hlsdk\common\entity_state.ixx">
      <Filter>HLSDK\common</Filter>
    </ClCompile>
    <ClCompile Include="..\..\hlsdk\common\entity_types.ixx">
      <Filter>HLSDK\common</Filter>
    </ClCompile>
    <ClCompile Include="..\..\hlsdk\common\event_api.ixx">
      <Filter>HLSDK\common</Filter>
    </ClCompile>
    <ClCompile Include="..\..\hlsdk\common\event_args.ixx">
      <Filter>HLSDK\common</Filter>
    </ClCompile>
    <ClCompile Include="..\..\hlsdk\common\event_flags.ixx">
      <Filter>HLSDK\common</Filter>
    </ClCompile>
    <ClCompile Include="..\..\hlsdk\common\exefuncs.ixx">
      <Filter>HLSDK\common</Filter>
    </ClCompile>
    <ClCompile Include="..\..\hlsdk\common\hltv.ixx">
      <Filter>HLSDK\common</Filter>
    </ClCompile>
    <ClCompile Include="..\..\hlsdk\common\in_buttons.ixx">
      <Filter>HLSDK\common</Filter>
    </ClCompile>
    <ClCompile Include="..\..\hlsdk\common\ivoicetweak.ixx">
      <Filter>HLSDK\common</Filter>
    </ClCompile>
    <ClCompile Include="..\..\hlsdk\common\mathlib.ixx">
      <Filter>HLSDK\common</Filter>
    </ClCompile>
    <ClCompile Include="..\..\hlsdk\common\netadr.ixx">
      <Filter>HLSDK\common</Filter>
    </ClCompile>
    <ClCompile Include="..\..\hlsdk\common\net_api.ixx">
      <Filter>HLSDK\common</Filter>
    </ClCompile>
    <ClCompile Include="..\..\hlsdk\common\particledef.ixx">
      <Filter>HLSDK\common</Filter>
    </ClCompile>
    <ClCompile Include="..\..\hlsdk\common\pmtrace.ixx">
      <Filter>HLSDK\common</Filter>
    </ClCompile>
    <ClCompile Include="..\..\hlsdk\common\qfont.ixx">
      <Filter>HLSDK\common</Filter>
    </ClCompile>
    <ClCompile Include="..\..\hlsdk\common\ref_params.ixx">
      <Filter>HLSDK\common</Filter>
    </ClCompile>
    <ClCompile Include="..\..\hlsdk\common\r_efx.ixx">
      <Filter>HLSDK\common</Filter>
    </ClCompile>
    <ClCompile Include="..\..\hlsdk\common\r_studioint.ixx">
      <Filter>HLSDK\common</Filter>
    </ClCompile>
    <ClCompile Include="..\..\hlsdk\common\screenfade.ixx">
      <Filter>HLSDK\common</Filter>
    </ClCompile>
    <ClCompile Include="..\..\hlsdk\common\studio_event.ixx">
      <Filter>HLSDK\common</Filter>
    </ClCompile>
    <ClCompile Include="..\..\hlsdk\common\triangleapi.ixx">
      <Filter>HLSDK\common</Filter>
    </ClCompile>
    <ClCompile Include="..\..\hlsdk\common\usercmd.ixx">
      <Filter>HLSDK\common</Filter>
    </ClCompile>
    <ClCompile Include="..\..\hlsdk\common\weaponinfo.ixx">
      <Filter>HLSDK\common</Filter>
    </ClCompile>
    <ClCompile Include="..\..\hlsdk\cl_dll\hud_iface.ixx">
      <Filter>HLSDK\cl_dll</Filter>
    </ClCompile>
    <ClCompile Include="..\..\hlsdk\cl_dll\wrect.ixx">
      <Filter>HLSDK\cl_dll</Filter>
    </ClCompile>
    <ClCompile Include="..\..\hlsdk\engine\archtypes.ixx">
      <Filter>HLSDK\engine</Filter>
    </ClCompile>
    <ClCompile Include="..\..\hlsdk\engine\cdll_int.ixx">
      <Filter>HLSDK\engine</Filter>
    </ClCompile>
    <ClCompile Include="..\..\hlsdk\engine\custom.ixx">
      <Filter>HLSDK\engine</Filter>
    </ClCompile>
    <ClCompile Include="..\..\hlsdk\engine\customentity.ixx">
      <Filter>HLSDK\engine</Filter>
    </ClCompile>
    <ClCompile Include="..\..\hlsdk\engine\edict.ixx">
      <Filter>HLSDK\engine</Filter>
    </ClCompile>
    <ClCompile Include="..\..\hlsdk\engine\eiface.ixx">
      <Filter>HLSDK\engine</Filter>
    </ClCompile>
    <ClCompile Include="..\..\hlsdk\engine\keydefs.ixx">
      <Filter>HLSDK\engine</Filter>
    </ClCompile>
    <ClCompile Include="..\..\hlsdk\engine\progdefs.ixx">
      <Filter>HLSDK\engine</Filter>
    </ClCompile>
    <ClCompile Include="..\..\hlsdk\engine\progs.ixx">
      <Filter>HLSDK\engine</Filter>
    </ClCompile>
    <ClCompile Include="..\..\hlsdk\engine\Sequence.ixx">
      <Filter>HLSDK\engine</Filter>
    </ClCompile>
    <ClCompile Include="..\..\hlsdk\engine\shake.ixx">
      <Filter>HLSDK\engine</Filter>
    </ClCompile>
    <ClCompile Include="..\..\hlsdk\engine\studio.ixx">
      <Filter>HLSDK\engine</Filter>
    </ClCompile>
    <ClCompile Include="..\..\hlsdk\pm_shared\pm_defs.ixx">
      <Filter>HLSDK\pm_shared</Filter>
    </ClCompile>
    <ClCompile Include="..\..\hlsdk\pm_shared\pm_info.ixx">
      <Filter>HLSDK\pm_shared</Filter>
    </ClCompile>
    <ClCompile Include="..\..\hlsdk\pm_shared\pm_materials.ixx">
      <Filter>HLSDK\pm_shared</Filter>
    </ClCompile>
    <ClCompile Include="..\..\hlsdk\pm_shared\pm_movevars.ixx">
      <Filter>HLSDK\pm_shared</Filter>
    </ClCompile>
    <ClCompile Include="..\..\hlsdk\pm_shared\pm_shared.ixx">
      <Filter>HLSDK\pm_shared</Filter>
    </ClCompile>
    <ClCompile Include="..\..\hlsdk\dlls\activity.ixx">
      <Filter>HLSDK\dlls</Filter>
    </ClCompile>
    <ClCompile Include="MdlAnimTime.cpp" />
  </ItemGroup>
</Project>