<?xml version="1.0" encoding="utf-8"?>
<Project ToolsVersion="4.0" xmlns="http://schemas.microsoft.com/developer/msbuild/2003">
  <ItemGroup>
    <Filter Include="common">
      <UniqueIdentifier>{8400da1c-7ac4-4782-a291-4b981003bdee}</UniqueIdentifier>
    </Filter>
    <Filter Include="dlls">
      <UniqueIdentifier>{c106e633-e0ff-4455-b41e-5710eb527293}</UniqueIdentifier>
    </Filter>
    <Filter Include="msvc">
      <UniqueIdentifier>{4FC737F1-C7A5-4376-A066-2A32D752A2FF}</UniqueIdentifier>
      <Extensions>cpp;c;cc;cxx;c++;cppm;ixx;def;odl;idl;hpj;bat;asm;asmx</Extensions>
    </Filter>
    <Filter Include="engine">
      <UniqueIdentifier>{dc093c85-6216-45fd-8ea1-d0e839317f47}</UniqueIdentifier>
    </Filter>
    <Filter Include="pm_shared">
      <UniqueIdentifier>{04dca686-73ba-42a8-bfc9-af1e103cbfd2}</UniqueIdentifier>
    </Filter>
  </ItemGroup>
  <ItemGroup>
    <ClCompile Include="hlsdk-cpp23.cpp">
      <Filter>msvc</Filter>
    </ClCompile>
    <ClCompile Include="..\common\beamdef.ixx">
      <Filter>common</Filter>
    </ClCompile>
    <ClCompile Include="..\dlls\vector.ixx">
      <Filter>dlls</Filter>
    </ClCompile>
    <ClCompile Include="..\common\com_model.ixx">
      <Filter>common</Filter>
    </ClCompile>
    <ClCompile Include="..\common\const_.ixx">
      <Filter>common</Filter>
    </ClCompile>
    <ClCompile Include="..\common\in_buttons.ixx">
      <Filter>common</Filter>
    </ClCompile>
    <ClCompile Include="..\engine\edict.ixx">
      <Filter>engine</Filter>
    </ClCompile>
    <ClCompile Include="..\engine\progdefs.ixx">
      <Filter>engine</Filter>
    </ClCompile>
    <ClCompile Include="..\engine\custom.ixx">
      <Filter>engine</Filter>
    </ClCompile>
    <ClCompile Include="..\common\crc.ixx">
      <Filter>common</Filter>
    </ClCompile>
    <ClCompile Include="..\common\particledef.ixx">
      <Filter>common</Filter>
    </ClCompile>
    <ClCompile Include="..\common\cl_entity.ixx">
      <Filter>common</Filter>
    </ClCompile>
    <ClCompile Include="..\common\entity_state.ixx">
      <Filter>common</Filter>
    </ClCompile>
    <ClCompile Include="..\pm_shared\pm_info.ixx">
      <Filter>pm_shared</Filter>
    </ClCompile>
    <ClCompile Include="..\common\weaponinfo.ixx">
      <Filter>common</Filter>
    </ClCompile>
    <ClCompile Include="..\engine\progs.ixx">
      <Filter>engine</Filter>
    </ClCompile>
    <ClCompile Include="..\common\event_flags.ixx">
      <Filter>common</Filter>
    </ClCompile>
    <ClCompile Include="..\common\event_args.ixx">
      <Filter>common</Filter>
    </ClCompile>
    <ClCompile Include="..\common\con_nprint.ixx">
      <Filter>common</Filter>
    </ClCompile>
    <ClCompile Include="..\common\cvardef.ixx">
      <Filter>common</Filter>
    </ClCompile>
    <ClCompile Include="..\common\demo_api.ixx">
      <Filter>common</Filter>
    </ClCompile>
    <ClCompile Include="..\common\director_cmds.ixx">
      <Filter>common</Filter>
    </ClCompile>
    <ClCompile Include="..\common\dlight.ixx">
      <Filter>common</Filter>
    </ClCompile>
    <ClCompile Include="..\common\dll_state.ixx">
      <Filter>common</Filter>
    </ClCompile>
    <ClCompile Include="..\common\engine_launcher_api.ixx">
      <Filter>common</Filter>
    </ClCompile>
    <ClCompile Include="..\common\entity_types.ixx">
      <Filter>common</Filter>
    </ClCompile>
    <ClCompile Include="..\common\event_api.ixx">
      <Filter>common</Filter>
    </ClCompile>
    <ClCompile Include="..\common\pmtrace.ixx">
      <Filter>common</Filter>
    </ClCompile>
    <ClCompile Include="..\pm_shared\pm_defs.ixx">
      <Filter>pm_shared</Filter>
    </ClCompile>
    <ClCompile Include="..\common\usercmd.ixx">
      <Filter>common</Filter>
    </ClCompile>
    <ClCompile Include="..\pm_shared\pm_movevars.ixx">
      <Filter>pm_shared</Filter>
    </ClCompile>
    <ClCompile Include="..\common\exefuncs.ixx">
      <Filter>common</Filter>
    </ClCompile>
    <ClCompile Include="..\common\hltv.ixx">
      <Filter>common</Filter>
    </ClCompile>
    <ClCompile Include="..\common\ivoicetweak.ixx">
      <Filter>common</Filter>
    </ClCompile>
    <ClCompile Include="..\common\mathlib.ixx">
      <Filter>common</Filter>
    </ClCompile>
    <ClCompile Include="..\common\netadr.ixx">
      <Filter>common</Filter>
    </ClCompile>
    <ClCompile Include="..\common\net_api.ixx">
      <Filter>common</Filter>
    </ClCompile>
    <ClCompile Include="..\common\qfont.ixx">
      <Filter>common</Filter>
    </ClCompile>
    <ClCompile Include="..\common\r_efx.ixx">
      <Filter>common</Filter>
    </ClCompile>
    <ClCompile Include="..\common\r_studioint.ixx">
      <Filter>common</Filter>
    </ClCompile>
    <ClCompile Include="..\common\ref_params.ixx">
      <Filter>common</Filter>
    </ClCompile>
    <ClCompile Include="..\common\screenfade.ixx">
      <Filter>common</Filter>
    </ClCompile>
    <ClCompile Include="..\common\studio_event.ixx">
      <Filter>common</Filter>
    </ClCompile>
    <ClCompile Include="..\common\triangleapi.ixx">
      <Filter>common</Filter>
    </ClCompile>
    <ClCompile Include="..\dlls\cdll_dll.ixx">
      <Filter>dlls</Filter>
    </ClCompile>
    <ClCompile Include="..\engine\eiface.ixx">
      <Filter>engine</Filter>
    </ClCompile>
    <ClCompile Include="..\engine\Sequence.ixx">
      <Filter>engine</Filter>
    </ClCompile>
    <ClCompile Include="..\dlls\extdll.ixx">
      <Filter>dlls</Filter>
    </ClCompile>
  </ItemGroup>
  <ItemGroup>
    <ClInclude Include="..\common\beamdef.h">
      <Filter>common</Filter>
    </ClInclude>
    <ClInclude Include="..\common\cl_entity.h">
      <Filter>common</Filter>
    </ClInclude>
    <ClInclude Include="..\common\com_model.h">
      <Filter>common</Filter>
    </ClInclude>
    <ClInclude Include="..\common\con_nprint.h">
      <Filter>common</Filter>
    </ClInclude>
    <ClInclude Include="..\common\const.h">
      <Filter>common</Filter>
    </ClInclude>
    <ClInclude Include="..\common\crc.h">
      <Filter>common</Filter>
    </ClInclude>
    <ClInclude Include="..\common\cvardef.h">
      <Filter>common</Filter>
    </ClInclude>
    <ClInclude Include="..\common\demo_api.h">
      <Filter>common</Filter>
    </ClInclude>
    <ClInclude Include="..\common\director_cmds.h">
      <Filter>common</Filter>
    </ClInclude>
    <ClInclude Include="..\common\dlight.h">
      <Filter>common</Filter>
    </ClInclude>
    <ClInclude Include="..\common\dll_state.h">
      <Filter>common</Filter>
    </ClInclude>
    <ClInclude Include="..\common\engine_launcher_api.h">
      <Filter>common</Filter>
    </ClInclude>
    <ClInclude Include="..\common\entity_state.h">
      <Filter>common</Filter>
    </ClInclude>
    <ClInclude Include="..\common\entity_types.h">
      <Filter>common</Filter>
    </ClInclude>
    <ClInclude Include="..\common\event_api.h">
      <Filter>common</Filter>
    </ClInclude>
    <ClInclude Include="..\common\event_args.h">
      <Filter>common</Filter>
    </ClInclude>
    <ClInclude Include="..\common\event_flags.h">
      <Filter>common</Filter>
    </ClInclude>
    <ClInclude Include="..\common\exefuncs.h">
      <Filter>common</Filter>
    </ClInclude>
    <ClInclude Include="..\common\hltv.h">
      <Filter>common</Filter>
    </ClInclude>
    <ClInclude Include="..\common\in_buttons.h">
      <Filter>common</Filter>
    </ClInclude>
    <ClInclude Include="..\common\interface.h">
      <Filter>common</Filter>
    </ClInclude>
    <ClInclude Include="..\common\ivoicetweak.h">
      <Filter>common</Filter>
    </ClInclude>
    <ClInclude Include="..\common\mathlib.h">
      <Filter>common</Filter>
    </ClInclude>
    <ClInclude Include="..\common\net_api.h">
      <Filter>common</Filter>
    </ClInclude>
    <ClInclude Include="..\common\netadr.h">
      <Filter>common</Filter>
    </ClInclude>
    <ClInclude Include="..\common\nowin.h">
      <Filter>common</Filter>
    </ClInclude>
    <ClInclude Include="..\common\particledef.h">
      <Filter>common</Filter>
    </ClInclude>
    <ClInclude Include="..\common\pmtrace.h">
      <Filter>common</Filter>
    </ClInclude>
    <ClInclude Include="..\common\qfont.h">
      <Filter>common</Filter>
    </ClInclude>
    <ClInclude Include="..\common\r_efx.h">
      <Filter>common</Filter>
    </ClInclude>
    <ClInclude Include="..\common\r_studioint.h">
      <Filter>common</Filter>
    </ClInclude>
    <ClInclude Include="..\common\ref_params.h">
      <Filter>common</Filter>
    </ClInclude>
    <ClInclude Include="..\common\screenfade.h">
      <Filter>common</Filter>
    </ClInclude>
    <ClInclude Include="..\common\studio_event.h">
      <Filter>common</Filter>
    </ClInclude>
    <ClInclude Include="..\common\triangleapi.h">
      <Filter>common</Filter>
    </ClInclude>
    <ClInclude Include="..\common\usercmd.h">
      <Filter>common</Filter>
    </ClInclude>
    <ClInclude Include="..\common\weaponinfo.h">
      <Filter>common</Filter>
    </ClInclude>
    <ClInclude Include="..\dlls\cdll_dll.h">
      <Filter>dlls</Filter>
    </ClInclude>
    <ClInclude Include="..\dlls\enginecallback.h">
      <Filter>dlls</Filter>
    </ClInclude>
    <ClInclude Include="..\dlls\extdll.h">
      <Filter>dlls</Filter>
    </ClInclude>
    <ClInclude Include="..\dlls\util.h">
      <Filter>dlls</Filter>
    </ClInclude>
    <ClInclude Include="..\dlls\vector.h">
      <Filter>dlls</Filter>
    </ClInclude>
    <ClInclude Include="..\pm_shared\pm_debug.h">
      <Filter>pm_shared</Filter>
    </ClInclude>
    <ClInclude Include="..\pm_shared\pm_defs.h">
      <Filter>pm_shared</Filter>
    </ClInclude>
    <ClInclude Include="..\pm_shared\pm_info.h">
      <Filter>pm_shared</Filter>
    </ClInclude>
    <ClInclude Include="..\pm_shared\pm_materials.h">
      <Filter>pm_shared</Filter>
    </ClInclude>
    <ClInclude Include="..\pm_shared\pm_movevars.h">
      <Filter>pm_shared</Filter>
    </ClInclude>
    <ClInclude Include="..\pm_shared\pm_shared.h">
      <Filter>pm_shared</Filter>
    </ClInclude>
    <ClInclude Include="..\engine\anorms.h">
      <Filter>engine</Filter>
    </ClInclude>
    <ClInclude Include="..\engine\archtypes.h">
      <Filter>engine</Filter>
    </ClInclude>
    <ClInclude Include="..\engine\cdll_int.h">
      <Filter>engine</Filter>
    </ClInclude>
    <ClInclude Include="..\engine\custom.h">
      <Filter>engine</Filter>
    </ClInclude>
    <ClInclude Include="..\engine\customentity.h">
      <Filter>engine</Filter>
    </ClInclude>
    <ClInclude Include="..\engine\edict.h">
      <Filter>engine</Filter>
    </ClInclude>
    <ClInclude Include="..\engine\eiface.h">
      <Filter>engine</Filter>
    </ClInclude>
    <ClInclude Include="..\engine\keydefs.h">
      <Filter>engine</Filter>
    </ClInclude>
    <ClInclude Include="..\engine\progdefs.h">
      <Filter>engine</Filter>
    </ClInclude>
    <ClInclude Include="..\engine\progs.h">
      <Filter>engine</Filter>
    </ClInclude>
    <ClInclude Include="..\engine\Sequence.h">
      <Filter>engine</Filter>
    </ClInclude>
    <ClInclude Include="..\engine\shake.h">
      <Filter>engine</Filter>
    </ClInclude>
    <ClInclude Include="..\engine\studio.h">
      <Filter>engine</Filter>
    </ClInclude>
  </ItemGroup>
</Project>